
Microsoft Visual Studio Solution File, Format Version 12.00
# Visual Studio Version 17
VisualStudioVersion = 17.14.36717.8 d17.14
MinimumVisualStudioVersion = 10.0.40219.1
Project("{FAE04EC0-301F-11D3-BF4B-00C04F79EFBC}") = "ASPGymCentre", "ASPGymCentre\ASPGymCentre.csproj", "{A9E9BB45-CCD8-4DA9-92B0-A00370D77B01}"
EndProject
Global
	GlobalSection(SolutionConfigurationPlatforms) = preSolution
		Debug|Any CPU = Debug|Any CPU
		Release|Any CPU = Release|Any CPU
	EndGlobalSection
	GlobalSection(ProjectConfigurationPlatforms) = postSolution
		{A9E9BB45-CCD8-4DA9-92B0-A00370D77B01}.Debug|Any CPU.ActiveCfg = Debug|Any CPU
		{A9E9BB45-CCD8-4DA9-92B0-A00370D77B01}.Debug|Any CPU.Build.0 = Debug|Any CPU
		{A9E9BB45-CCD8-4DA9-92B0-A00370D77B01}.Release|Any CPU.ActiveCfg = Release|Any CPU
		{A9E9BB45-CCD8-4DA9-92B0-A00370D77B01}.Release|Any CPU.Build.0 = Release|Any CPU
	EndGlobalSection
	GlobalSection(SolutionProperties) = preSolution
		HideSolutionNode = FALSE
	EndGlobalSection
	GlobalSection(ExtensibilityGlobals) = postSolution
		SolutionGuid = {E0C5689E-A68F-47A1-9DAD-EAE35D27B4AC}
	EndGlobalSection
EndGlobal
